
Microsoft Visual Studio Solution File, Format Version 12.00
# Visual Studio Version 16
VisualStudioVersion = 16.0.30804.86
MinimumVisualStudioVersion = 10.0.40219.1
Project("{9A19103F-16F7-4668-BE54-9A1E7A4F7556}") = "kiota", "src\kiota\kiota.csproj", "{944FCE5E-0CFA-4018-B353-E14FA1395007}"
EndProject
Project("{9A19103F-16F7-4668-BE54-9A1E7A4F7556}") = "Kiota.Builder", "src\Kiota.Builder\Kiota.Builder.csproj", "{1F5FC53F-061A-4CED-8B53-FC5C63DBEBFF}"
EndProject
Project("{9A19103F-16F7-4668-BE54-9A1E7A4F7556}") = "Kiota.Builder.Tests", "tests\Kiota.Builder.Tests\Kiota.Builder.Tests.csproj", "{A2B2F620-BC5D-47EA-8B98-5A942EC9CA9A}"
EndProject
Project("{FAE04EC0-301F-11D3-BF4B-00C04F79EFBC}") = "Kiota.Builder.IntegrationTests", "tests\Kiota.Builder.IntegrationTests\Kiota.Builder.IntegrationTests.csproj", "{019E5612-7663-40A2-A2EA-46E39D31F0A2}"
EndProject
Project("{2150E333-8FDC-42A3-9474-1A3956D46DE8}") = "tests", "tests", "{2DF34BB8-B19F-4623-9E3D-9F59A14C0660}"
EndProject
Project("{FAE04EC0-301F-11D3-BF4B-00C04F79EFBC}") = "Kiota.Tests", "tests\Kiota.Tests\Kiota.Tests.csproj", "{E4C108A5-A13F-4C3F-B32A-86210A4EC52A}"
EndProject
Global
	GlobalSection(SolutionConfigurationPlatforms) = preSolution
		Debug|Any CPU = Debug|Any CPU
		Release|Any CPU = Release|Any CPU
	EndGlobalSection
	GlobalSection(ProjectConfigurationPlatforms) = postSolution
		{944FCE5E-0CFA-4018-B353-E14FA1395007}.Debug|Any CPU.ActiveCfg = Debug|Any CPU
		{944FCE5E-0CFA-4018-B353-E14FA1395007}.Debug|Any CPU.Build.0 = Debug|Any CPU
		{944FCE5E-0CFA-4018-B353-E14FA1395007}.Release|Any CPU.ActiveCfg = Release|Any CPU
		{944FCE5E-0CFA-4018-B353-E14FA1395007}.Release|Any CPU.Build.0 = Release|Any CPU
		{1F5FC53F-061A-4CED-8B53-FC5C63DBEBFF}.Debug|Any CPU.ActiveCfg = Debug|Any CPU
		{1F5FC53F-061A-4CED-8B53-FC5C63DBEBFF}.Debug|Any CPU.Build.0 = Debug|Any CPU
		{1F5FC53F-061A-4CED-8B53-FC5C63DBEBFF}.Release|Any CPU.ActiveCfg = Release|Any CPU
		{1F5FC53F-061A-4CED-8B53-FC5C63DBEBFF}.Release|Any CPU.Build.0 = Release|Any CPU
		{A2B2F620-BC5D-47EA-8B98-5A942EC9CA9A}.Debug|Any CPU.ActiveCfg = Debug|Any CPU
		{A2B2F620-BC5D-47EA-8B98-5A942EC9CA9A}.Debug|Any CPU.Build.0 = Debug|Any CPU
		{A2B2F620-BC5D-47EA-8B98-5A942EC9CA9A}.Release|Any CPU.ActiveCfg = Release|Any CPU
		{A2B2F620-BC5D-47EA-8B98-5A942EC9CA9A}.Release|Any CPU.Build.0 = Release|Any CPU
		{019E5612-7663-40A2-A2EA-46E39D31F0A2}.Debug|Any CPU.ActiveCfg = Debug|Any CPU
		{019E5612-7663-40A2-A2EA-46E39D31F0A2}.Debug|Any CPU.Build.0 = Debug|Any CPU
		{019E5612-7663-40A2-A2EA-46E39D31F0A2}.Release|Any CPU.ActiveCfg = Release|Any CPU
		{019E5612-7663-40A2-A2EA-46E39D31F0A2}.Release|Any CPU.Build.0 = Release|Any CPU
		{E4C108A5-A13F-4C3F-B32A-86210A4EC52A}.Debug|Any CPU.ActiveCfg = Debug|Any CPU
		{E4C108A5-A13F-4C3F-B32A-86210A4EC52A}.Debug|Any CPU.Build.0 = Debug|Any CPU
		{E4C108A5-A13F-4C3F-B32A-86210A4EC52A}.Release|Any CPU.ActiveCfg = Release|Any CPU
		{E4C108A5-A13F-4C3F-B32A-86210A4EC52A}.Release|Any CPU.Build.0 = Release|Any CPU
	EndGlobalSection
	GlobalSection(SolutionProperties) = preSolution
		HideSolutionNode = FALSE
	EndGlobalSection
	GlobalSection(ExtensibilityGlobals) = postSolution
		SolutionGuid = {85C3AE3B-2D83-4457-B2F9-E56D64F4E443}
	EndGlobalSection
	GlobalSection(NestedProjects) = preSolution
		{E4C108A5-A13F-4C3F-B32A-86210A4EC52A} = {2DF34BB8-B19F-4623-9E3D-9F59A14C0660}
	EndGlobalSection
EndGlobal
