{
  "name": "@microsoft/kiota-abstractions",
  "version": "1.0.24",
  "lockfileVersion": 2,
  "requires": true,
  "packages": {
    "": {
      "name": "@microsoft/kiota-abstractions",
      "version": "1.0.24",
      "license": "MIT",
      "dependencies": {
        "uri-template-lite": "^20.5.0",
        "uuid": "^8.3.2",
        "web-streams-polyfill": "^3.2.0"
      },
      "devDependencies": {
        "@types/node": "^16.11.9",
        "@types/uri-template-lite": "^19.12.1",
        "@types/uuid": "^8.3.3",
        "typescript": "^4.5.2"
      }
    },
    "node_modules/@types/node": {
      "version": "16.11.9",
      "resolved": "https://registry.npmjs.org/@types/node/-/node-16.11.9.tgz",
      "integrity": "sha512-MKmdASMf3LtPzwLyRrFjtFFZ48cMf8jmX5VRYrDQiJa8Ybu5VAmkqBWqKU8fdCwD8ysw4mQ9nrEHvzg6gunR7A==",
      "dev": true
    },
    "node_modules/@types/uri-template-lite": {
      "version": "19.12.1",
      "resolved": "https://registry.npmjs.org/@types/uri-template-lite/-/uri-template-lite-19.12.1.tgz",
      "integrity": "sha512-tOeSAqiOup+ztD4w6FHLHq9nBDytgiQFRx0JSDzhZT9QL6wO0qZwSdC5O2WOhQRNGxnfrGi0GrB/Ruc2qbapMw==",
      "dev": true
    },
    "node_modules/@types/uuid": {
      "version": "8.3.3",
      "resolved": "https://registry.npmjs.org/@types/uuid/-/uuid-8.3.3.tgz",
      "integrity": "sha512-0LbEEx1zxrYB3pgpd1M5lEhLcXjKJnYghvhTRgaBeUivLHMDM1TzF3IJ6hXU2+8uA4Xz+5BA63mtZo5DjVT8iA==",
      "dev": true
    },
    "node_modules/typescript": {
      "version": "4.5.2",
      "resolved": "https://registry.npmjs.org/typescript/-/typescript-4.5.2.tgz",
      "integrity": "sha512-5BlMof9H1yGt0P8/WF+wPNw6GfctgGjXp5hkblpyT+8rkASSmkUKMXrxR0Xg8ThVCi/JnHQiKXeBaEwCeQwMFw==",
      "dev": true,
      "bin": {
        "tsc": "bin/tsc",
        "tsserver": "bin/tsserver"
      },
      "engines": {
        "node": ">=4.2.0"
      }
    },
    "node_modules/uri-template-lite": {
      "version": "20.5.0",
      "resolved": "https://registry.npmjs.org/uri-template-lite/-/uri-template-lite-20.5.0.tgz",
      "integrity": "sha512-RL6Pnz0DO4XH9WZhZTX6u0SP6afNM9z+u7lXYHO+RkVGzpNcgKc1Y2tcAX/KVIEi2ctfzf+iLcofkwKoYiGH4Q=="
    },
    "node_modules/uuid": {
      "version": "8.3.2",
      "resolved": "https://registry.npmjs.org/uuid/-/uuid-8.3.2.tgz",
      "integrity": "sha512-+NYs2QeMWy+GWFOEm9xnn6HCDp0l7QBD7ml8zLUmJ+93Q5NF0NocErnwkTkXVFNiX3/fpC6afS8Dhb/gz7R7eg==",
      "bin": {
        "uuid": "dist/bin/uuid"
      }
    },
    "node_modules/web-streams-polyfill": {
      "version": "3.2.0",
      "resolved": "https://registry.npmjs.org/web-streams-polyfill/-/web-streams-polyfill-3.2.0.tgz",
      "integrity": "sha512-EqPmREeOzttaLRm5HS7io98goBgZ7IVz79aDvqjD0kYXLtFZTc0T/U6wHTPKyIjb+MdN7DFIIX6hgdBEpWmfPA==",
      "engines": {
        "node": ">= 8"
      }
    }
  },
  "dependencies": {
    "@types/node": {
      "version": "16.11.9",
      "resolved": "https://registry.npmjs.org/@types/node/-/node-16.11.9.tgz",
      "integrity": "sha512-MKmdASMf3LtPzwLyRrFjtFFZ48cMf8jmX5VRYrDQiJa8Ybu5VAmkqBWqKU8fdCwD8ysw4mQ9nrEHvzg6gunR7A==",
      "dev": true
    },
    "@types/uri-template-lite": {
      "version": "19.12.1",
      "resolved": "https://registry.npmjs.org/@types/uri-template-lite/-/uri-template-lite-19.12.1.tgz",
      "integrity": "sha512-tOeSAqiOup+ztD4w6FHLHq9nBDytgiQFRx0JSDzhZT9QL6wO0qZwSdC5O2WOhQRNGxnfrGi0GrB/Ruc2qbapMw==",
      "dev": true
    },
    "@types/uuid": {
      "version": "8.3.3",
      "resolved": "https://registry.npmjs.org/@types/uuid/-/uuid-8.3.3.tgz",
      "integrity": "sha512-0LbEEx1zxrYB3pgpd1M5lEhLcXjKJnYghvhTRgaBeUivLHMDM1TzF3IJ6hXU2+8uA4Xz+5BA63mtZo5DjVT8iA==",
      "dev": true
    },
    "typescript": {
      "version": "4.5.2",
      "resolved": "https://registry.npmjs.org/typescript/-/typescript-4.5.2.tgz",
      "integrity": "sha512-5BlMof9H1yGt0P8/WF+wPNw6GfctgGjXp5hkblpyT+8rkASSmkUKMXrxR0Xg8ThVCi/JnHQiKXeBaEwCeQwMFw==",
      "dev": true
    },
    "uri-template-lite": {
      "version": "20.5.0",
      "resolved": "https://registry.npmjs.org/uri-template-lite/-/uri-template-lite-20.5.0.tgz",
      "integrity": "sha512-RL6Pnz0DO4XH9WZhZTX6u0SP6afNM9z+u7lXYHO+RkVGzpNcgKc1Y2tcAX/KVIEi2ctfzf+iLcofkwKoYiGH4Q=="
    },
    "uuid": {
      "version": "8.3.2",
      "resolved": "https://registry.npmjs.org/uuid/-/uuid-8.3.2.tgz",
      "integrity": "sha512-+NYs2QeMWy+GWFOEm9xnn6HCDp0l7QBD7ml8zLUmJ+93Q5NF0NocErnwkTkXVFNiX3/fpC6afS8Dhb/gz7R7eg=="
    },
    "web-streams-polyfill": {
      "version": "3.2.0",
      "resolved": "https://registry.npmjs.org/web-streams-polyfill/-/web-streams-polyfill-3.2.0.tgz",
      "integrity": "sha512-EqPmREeOzttaLRm5HS7io98goBgZ7IVz79aDvqjD0kYXLtFZTc0T/U6wHTPKyIjb+MdN7DFIIX6hgdBEpWmfPA=="
    }
  }
}
