{
  "name": "@microsoft/kiota-serialization-json",
  "version": "1.0.5",
  "lockfileVersion": 2,
  "requires": true,
  "packages": {
    "": {
      "name": "@microsoft/kiota-serialization-json",
      "version": "1.0.5",
      "license": "MIT",
      "dependencies": {
        "@microsoft/kiota-abstractions": "^1.0.20",
        "web-streams-polyfill": "^3.2.0"
      },
      "devDependencies": {
        "@types/node": "^16.11.6",
        "typescript": "^4.4.4"
      }
    },
    "node_modules/@microsoft/kiota-abstractions": {
      "version": "1.0.20",
      "resolved": "https://npm.pkg.github.com/download/@microsoft/kiota-abstractions/1.0.20/598b88d265c30b47773bdd53f864d7b729f9b13eec273fe112d0a9a8a315a2e4",
      "integrity": "sha512-ldMdM98rtxQTF6CdT4aKsYaNZ+QJUv+WPwQ652W75A9eUQRT+E9fsbErlpb4uGWds6wywWxVxL6J5OidD3tA5Q==",
      "license": "MIT",
      "dependencies": {
        "uuid": "^8.3.2",
        "web-streams-polyfill": "^3.1.1"
      }
    },
    "node_modules/@types/node": {
      "version": "16.11.6",
      "resolved": "https://registry.npmjs.org/@types/node/-/node-16.11.6.tgz",
      "integrity": "sha512-ua7PgUoeQFjmWPcoo9khiPum3Pd60k4/2ZGXt18sm2Slk0W0xZTqt5Y0Ny1NyBiN1EVQ/+FaF9NcY4Qe6rwk5w==",
      "dev": true
    },
    "node_modules/typescript": {
      "version": "4.4.4",
      "resolved": "https://registry.npmjs.org/typescript/-/typescript-4.4.4.tgz",
      "integrity": "sha512-DqGhF5IKoBl8WNf8C1gu8q0xZSInh9j1kJJMqT3a94w1JzVaBU4EXOSMrz9yDqMT0xt3selp83fuFMQ0uzv6qA==",
      "dev": true,
      "bin": {
        "tsc": "bin/tsc",
        "tsserver": "bin/tsserver"
      },
      "engines": {
        "node": ">=4.2.0"
      }
    },
    "node_modules/uuid": {
      "version": "8.3.2",
      "resolved": "https://registry.npmjs.org/uuid/-/uuid-8.3.2.tgz",
      "integrity": "sha512-+NYs2QeMWy+GWFOEm9xnn6HCDp0l7QBD7ml8zLUmJ+93Q5NF0NocErnwkTkXVFNiX3/fpC6afS8Dhb/gz7R7eg==",
      "bin": {
        "uuid": "dist/bin/uuid"
      }
    },
    "node_modules/web-streams-polyfill": {
      "version": "3.2.0",
      "resolved": "https://registry.npmjs.org/web-streams-polyfill/-/web-streams-polyfill-3.2.0.tgz",
      "integrity": "sha512-EqPmREeOzttaLRm5HS7io98goBgZ7IVz79aDvqjD0kYXLtFZTc0T/U6wHTPKyIjb+MdN7DFIIX6hgdBEpWmfPA==",
      "engines": {
        "node": ">= 8"
      }
    }
  },
  "dependencies": {
    "@microsoft/kiota-abstractions": {
      "version": "1.0.20",
      "resolved": "https://npm.pkg.github.com/download/@microsoft/kiota-abstractions/1.0.20/598b88d265c30b47773bdd53f864d7b729f9b13eec273fe112d0a9a8a315a2e4",
      "integrity": "sha512-ldMdM98rtxQTF6CdT4aKsYaNZ+QJUv+WPwQ652W75A9eUQRT+E9fsbErlpb4uGWds6wywWxVxL6J5OidD3tA5Q==",
      "requires": {
        "uuid": "^8.3.2",
        "web-streams-polyfill": "^3.1.1"
      }
    },
    "@types/node": {
      "version": "16.11.6",
      "resolved": "https://registry.npmjs.org/@types/node/-/node-16.11.6.tgz",
      "integrity": "sha512-ua7PgUoeQFjmWPcoo9khiPum3Pd60k4/2ZGXt18sm2Slk0W0xZTqt5Y0Ny1NyBiN1EVQ/+FaF9NcY4Qe6rwk5w==",
      "dev": true
    },
    "typescript": {
      "version": "4.4.4",
      "resolved": "https://registry.npmjs.org/typescript/-/typescript-4.4.4.tgz",
      "integrity": "sha512-DqGhF5IKoBl8WNf8C1gu8q0xZSInh9j1kJJMqT3a94w1JzVaBU4EXOSMrz9yDqMT0xt3selp83fuFMQ0uzv6qA==",
      "dev": true
    },
    "uuid": {
      "version": "8.3.2",
      "resolved": "https://registry.npmjs.org/uuid/-/uuid-8.3.2.tgz",
      "integrity": "sha512-+NYs2QeMWy+GWFOEm9xnn6HCDp0l7QBD7ml8zLUmJ+93Q5NF0NocErnwkTkXVFNiX3/fpC6afS8Dhb/gz7R7eg=="
    },
    "web-streams-polyfill": {
      "version": "3.2.0",
      "resolved": "https://registry.npmjs.org/web-streams-polyfill/-/web-streams-polyfill-3.2.0.tgz",
      "integrity": "sha512-EqPmREeOzttaLRm5HS7io98goBgZ7IVz79aDvqjD0kYXLtFZTc0T/U6wHTPKyIjb+MdN7DFIIX6hgdBEpWmfPA=="
    }
  }
}
