{
  "name": "@microsoft/kiota-serialization-json",
  "version": "1.0.6",
  "lockfileVersion": 2,
  "requires": true,
  "packages": {
    "": {
      "name": "@microsoft/kiota-serialization-json",
      "version": "1.0.6",
      "license": "MIT",
      "dependencies": {
        "@microsoft/kiota-abstractions": "^1.0.25",
        "web-streams-polyfill": "^3.2.0"
      },
      "devDependencies": {
        "@types/node": "^17.0.10",
        "typescript": "^4.5.5"
      }
    },
    "node_modules/@microsoft/kiota-abstractions": {
      "version": "1.0.25",
      "resolved": "https://npm.pkg.github.com/download/@microsoft/kiota-abstractions/1.0.25/b3874a91db3050efe17ef3510abe98d121e4ae9394c8a2788006645c21d26685",
      "integrity": "sha512-ja42TZSA8+rS60odkHZVW23RJT2Ei7c3ic6E21LD8G+7xVGfHty1GIlPiDSINP5ijZNLsXbs/Z0Y2YVSC+4G6Q==",
      "license": "MIT",
      "dependencies": {
        "tinyduration": "^3.2.2",
        "uri-template-lite": "^22.1.0",
        "uuid": "^8.3.2",
        "web-streams-polyfill": "^3.2.0"
      }
    },
    "node_modules/@types/node": {
      "version": "17.0.10",
      "resolved": "https://registry.npmjs.org/@types/node/-/node-17.0.10.tgz",
      "integrity": "sha512-S/3xB4KzyFxYGCppyDt68yzBU9ysL88lSdIah4D6cptdcltc4NCPCAMc0+PCpg/lLIyC7IPvj2Z52OJWeIUkog==",
      "dev": true
    },
    "node_modules/tinyduration": {
      "version": "3.2.2",
      "resolved": "https://registry.npmjs.org/tinyduration/-/tinyduration-3.2.2.tgz",
      "integrity": "sha512-eH6D0KIA4Xxje3ZRUnbsWfN28pAgTx3ZFQvgb0w9u8p9lxSX0eloxi4w165gv03GnvduR9m5JhToPxXvADHe+w=="
    },
    "node_modules/typescript": {
      "version": "4.5.5",
      "resolved": "https://registry.npmjs.org/typescript/-/typescript-4.5.5.tgz",
      "integrity": "sha512-TCTIul70LyWe6IJWT8QSYeA54WQe8EjQFU4wY52Fasj5UKx88LNYKCgBEHcOMOrFF1rKGbD8v/xcNWVUq9SymA==",
      "dev": true,
      "bin": {
        "tsc": "bin/tsc",
        "tsserver": "bin/tsserver"
      },
      "engines": {
        "node": ">=4.2.0"
      }
    },
    "node_modules/uri-template-lite": {
      "version": "22.1.0",
      "resolved": "https://registry.npmjs.org/uri-template-lite/-/uri-template-lite-22.1.0.tgz",
      "integrity": "sha512-KJvWlYkFgeHxFt2Y0c6E/MM6X1mgw1PZ/PfhLKI/S/dPqnr6RXZ6AFE7uEE3T5RxZ8+8uHwONsmBZ/CUPfNaRg=="
    },
    "node_modules/uuid": {
      "version": "8.3.2",
      "resolved": "https://registry.npmjs.org/uuid/-/uuid-8.3.2.tgz",
      "integrity": "sha512-+NYs2QeMWy+GWFOEm9xnn6HCDp0l7QBD7ml8zLUmJ+93Q5NF0NocErnwkTkXVFNiX3/fpC6afS8Dhb/gz7R7eg==",
      "bin": {
        "uuid": "dist/bin/uuid"
      }
    },
    "node_modules/web-streams-polyfill": {
      "version": "3.2.0",
      "resolved": "https://registry.npmjs.org/web-streams-polyfill/-/web-streams-polyfill-3.2.0.tgz",
      "integrity": "sha512-EqPmREeOzttaLRm5HS7io98goBgZ7IVz79aDvqjD0kYXLtFZTc0T/U6wHTPKyIjb+MdN7DFIIX6hgdBEpWmfPA==",
      "engines": {
        "node": ">= 8"
      }
    }
  },
  "dependencies": {
    "@microsoft/kiota-abstractions": {
      "version": "1.0.25",
      "resolved": "https://npm.pkg.github.com/download/@microsoft/kiota-abstractions/1.0.25/b3874a91db3050efe17ef3510abe98d121e4ae9394c8a2788006645c21d26685",
      "integrity": "sha512-ja42TZSA8+rS60odkHZVW23RJT2Ei7c3ic6E21LD8G+7xVGfHty1GIlPiDSINP5ijZNLsXbs/Z0Y2YVSC+4G6Q==",
      "requires": {
        "tinyduration": "^3.2.2",
        "uri-template-lite": "^22.1.0",
        "uuid": "^8.3.2",
        "web-streams-polyfill": "^3.2.0"
      }
    },
    "@types/node": {
      "version": "17.0.10",
      "resolved": "https://registry.npmjs.org/@types/node/-/node-17.0.10.tgz",
      "integrity": "sha512-S/3xB4KzyFxYGCppyDt68yzBU9ysL88lSdIah4D6cptdcltc4NCPCAMc0+PCpg/lLIyC7IPvj2Z52OJWeIUkog==",
      "dev": true
    },
    "tinyduration": {
      "version": "3.2.2",
      "resolved": "https://registry.npmjs.org/tinyduration/-/tinyduration-3.2.2.tgz",
      "integrity": "sha512-eH6D0KIA4Xxje3ZRUnbsWfN28pAgTx3ZFQvgb0w9u8p9lxSX0eloxi4w165gv03GnvduR9m5JhToPxXvADHe+w=="
    },
    "typescript": {
      "version": "4.5.5",
      "resolved": "https://registry.npmjs.org/typescript/-/typescript-4.5.5.tgz",
      "integrity": "sha512-TCTIul70LyWe6IJWT8QSYeA54WQe8EjQFU4wY52Fasj5UKx88LNYKCgBEHcOMOrFF1rKGbD8v/xcNWVUq9SymA==",
      "dev": true
    },
    "uri-template-lite": {
      "version": "22.1.0",
      "resolved": "https://registry.npmjs.org/uri-template-lite/-/uri-template-lite-22.1.0.tgz",
      "integrity": "sha512-KJvWlYkFgeHxFt2Y0c6E/MM6X1mgw1PZ/PfhLKI/S/dPqnr6RXZ6AFE7uEE3T5RxZ8+8uHwONsmBZ/CUPfNaRg=="
    },
    "uuid": {
      "version": "8.3.2",
      "resolved": "https://registry.npmjs.org/uuid/-/uuid-8.3.2.tgz",
      "integrity": "sha512-+NYs2QeMWy+GWFOEm9xnn6HCDp0l7QBD7ml8zLUmJ+93Q5NF0NocErnwkTkXVFNiX3/fpC6afS8Dhb/gz7R7eg=="
    },
    "web-streams-polyfill": {
      "version": "3.2.0",
      "resolved": "https://registry.npmjs.org/web-streams-polyfill/-/web-streams-polyfill-3.2.0.tgz",
      "integrity": "sha512-EqPmREeOzttaLRm5HS7io98goBgZ7IVz79aDvqjD0kYXLtFZTc0T/U6wHTPKyIjb+MdN7DFIIX6hgdBEpWmfPA=="
    }
  }
}
