{
  "name": "@microsoft/kiota-authentication-azure",
  "version": "1.0.0",
  "lockfileVersion": 1,
  "requires": true,
  "dependencies": {
    "@azure/abort-controller": {
      "version": "1.0.4",
      "resolved": "https://registry.npmjs.org/@azure/abort-controller/-/abort-controller-1.0.4.tgz",
      "integrity": "sha512-lNUmDRVGpanCsiUN3NWxFTdwmdFI53xwhkTFfHDGTYk46ca7Ind3nanJc+U6Zj9Tv+9nTCWRBscWEW1DyKOpTw==",
      "requires": {
        "tslib": "^2.0.0"
      }
    },
    "@azure/core-auth": {
      "version": "1.3.0",
      "resolved": "https://registry.npmjs.org/@azure/core-auth/-/core-auth-1.3.0.tgz",
      "integrity": "sha512-kSDSZBL6c0CYdhb+7KuutnKGf2geeT+bCJAgccB0DD7wmNJSsQPcF7TcuoZX83B7VK4tLz/u+8sOO/CnCsYp8A==",
      "requires": {
        "@azure/abort-controller": "^1.0.0",
        "tslib": "^2.0.0"
      }
    },
    "@microsoft/kiota-abstractions": {
      "version": "1.0.10",
      "resolved": "https://npm.pkg.github.com/download/@microsoft/kiota-abstractions/1.0.10/d43920a463dd1688ea87e2cf92cff346d36c9bdb13b04b9c634f4facb52d5d41",
      "integrity": "sha512-9RIhTOzKMfu12OxzQcf6RO1AS3wWmV8XI+wfb5ZO7GIrycBzrpnLJ78qt8jo+kGtF8QNxaWUjrmqPJEI6omxhg==",
      "requires": {
        "web-streams-polyfill": "^3.0.3"
      }
    },
    "@types/node": {
      "version": "15.6.1",
      "resolved": "https://registry.npmjs.org/@types/node/-/node-15.6.1.tgz",
      "integrity": "sha512-7EIraBEyRHEe7CH+Fm1XvgqU6uwZN8Q7jppJGcqjROMT29qhAuuOxYB1uEY5UMYQKEmA5D+5tBnhdaPXSsLONA==",
      "dev": true
    },
    "tslib": {
      "version": "2.2.0",
      "resolved": "https://registry.npmjs.org/tslib/-/tslib-2.2.0.tgz",
      "integrity": "sha512-gS9GVHRU+RGn5KQM2rllAlR3dU6m7AcpJKdtH8gFvQiC4Otgk98XnmMU+nZenHt/+VhnBPWwgrJsyrdcw6i23w=="
    },
    "typescript": {
      "version": "4.3.2",
      "resolved": "https://registry.npmjs.org/typescript/-/typescript-4.3.2.tgz",
      "integrity": "sha512-zZ4hShnmnoVnAHpVHWpTcxdv7dWP60S2FsydQLV8V5PbS3FifjWFFRiHSWpDJahly88PRyV5teTSLoq4eG7mKw==",
      "dev": true
    },
    "web-streams-polyfill": {
      "version": "3.0.3",
      "resolved": "https://registry.npmjs.org/web-streams-polyfill/-/web-streams-polyfill-3.0.3.tgz",
      "integrity": "sha512-d2H/t0eqRNM4w2WvmTdoeIvzAUSpK7JmATB8Nr2lb7nQ9BTIJVjbQ/TRFVEh2gUH1HwclPdoPtfMoFfetXaZnA=="
    }
  }
}
