{
  "name": "@microsoft/kiota-authentication-azure",
  "version": "1.0.2",
  "lockfileVersion": 1,
  "requires": true,
  "dependencies": {
    "@azure/abort-controller": {
      "version": "1.0.4",
      "resolved": "https://registry.npmjs.org/@azure/abort-controller/-/abort-controller-1.0.4.tgz",
      "integrity": "sha512-lNUmDRVGpanCsiUN3NWxFTdwmdFI53xwhkTFfHDGTYk46ca7Ind3nanJc+U6Zj9Tv+9nTCWRBscWEW1DyKOpTw==",
      "requires": {
        "tslib": "^2.0.0"
      }
    },
    "@azure/core-auth": {
      "version": "1.3.0",
      "resolved": "https://registry.npmjs.org/@azure/core-auth/-/core-auth-1.3.0.tgz",
      "integrity": "sha512-kSDSZBL6c0CYdhb+7KuutnKGf2geeT+bCJAgccB0DD7wmNJSsQPcF7TcuoZX83B7VK4tLz/u+8sOO/CnCsYp8A==",
      "requires": {
        "@azure/abort-controller": "^1.0.0",
        "tslib": "^2.0.0"
      }
    },
    "@microsoft/kiota-abstractions": {
      "version": "1.0.12",
      "resolved": "https://npm.pkg.github.com/download/@microsoft/kiota-abstractions/1.0.12/2ca28167d8bd01000e5d5636e12c3a9b508106e1b57b615e2f648b4b53ae09fb",
      "integrity": "sha512-1vuY/NjqWgn/8M6U2mNwPGnq6Gxbk4sHpg0XmEY5KX7B4GL0ufqCdMVq4VnG9ajzaNAArkUNdUNT7hX6Uj22kA==",
      "requires": {
        "lodash": "^4.17.21",
        "uuid": "^8.3.2",
        "web-streams-polyfill": "^3.0.3"
      }
    },
    "@types/node": {
      "version": "15.12.5",
      "resolved": "https://registry.npmjs.org/@types/node/-/node-15.12.5.tgz",
      "integrity": "sha512-se3yX7UHv5Bscf8f1ERKvQOD6sTyycH3hdaoozvaLxgUiY5lIGEeH37AD0G0Qi9kPqihPn0HOfd2yaIEN9VwEg==",
      "dev": true
    },
    "lodash": {
      "version": "4.17.21",
      "resolved": "https://registry.npmjs.org/lodash/-/lodash-4.17.21.tgz",
      "integrity": "sha512-v2kDEe57lecTulaDIuNTPy3Ry4gLGJ6Z1O3vE1krgXZNrsQ+LFTGHVxVjcXPs17LhbZVGedAJv8XZ1tvj5FvSg=="
    },
    "tslib": {
      "version": "2.2.0",
      "resolved": "https://registry.npmjs.org/tslib/-/tslib-2.2.0.tgz",
      "integrity": "sha512-gS9GVHRU+RGn5KQM2rllAlR3dU6m7AcpJKdtH8gFvQiC4Otgk98XnmMU+nZenHt/+VhnBPWwgrJsyrdcw6i23w=="
    },
    "typescript": {
      "version": "4.3.5",
      "resolved": "https://registry.npmjs.org/typescript/-/typescript-4.3.5.tgz",
      "integrity": "sha512-DqQgihaQ9cUrskJo9kIyW/+g0Vxsk8cDtZ52a3NGh0YNTfpUSArXSohyUGnvbPazEPLu398C0UxmKSOrPumUzA==",
      "dev": true
    },
    "uuid": {
      "version": "8.3.2",
      "resolved": "https://registry.npmjs.org/uuid/-/uuid-8.3.2.tgz",
      "integrity": "sha512-+NYs2QeMWy+GWFOEm9xnn6HCDp0l7QBD7ml8zLUmJ+93Q5NF0NocErnwkTkXVFNiX3/fpC6afS8Dhb/gz7R7eg=="
    },
    "web-streams-polyfill": {
      "version": "3.0.3",
      "resolved": "https://registry.npmjs.org/web-streams-polyfill/-/web-streams-polyfill-3.0.3.tgz",
      "integrity": "sha512-d2H/t0eqRNM4w2WvmTdoeIvzAUSpK7JmATB8Nr2lb7nQ9BTIJVjbQ/TRFVEh2gUH1HwclPdoPtfMoFfetXaZnA=="
    }
  }
}
