{
    "name": "@microsoft/kiota-authentication-azure",
    "version": "1.0.6",
    "lockfileVersion": 2,
    "requires": true,
    "packages": {
        "": {
            "name": "@microsoft/kiota-authentication-azure",
            "version": "1.0.6",
            "license": "MIT",
            "dependencies": {
                "@azure/core-auth": "^1.3.2",
                "@microsoft/kiota-abstractions": "^1.0.27",
                "tslib": "^2.3.1"
            },
            "devDependencies": {
                "@types/node": "^17.0.13",
                "typescript": "^4.5.5"
            }
        },
        "node_modules/@azure/abort-controller": {
            "version": "1.0.4",
            "resolved": "https://registry.npmjs.org/@azure/abort-controller/-/abort-controller-1.0.4.tgz",
            "integrity": "sha512-lNUmDRVGpanCsiUN3NWxFTdwmdFI53xwhkTFfHDGTYk46ca7Ind3nanJc+U6Zj9Tv+9nTCWRBscWEW1DyKOpTw==",
            "dependencies": {
                "tslib": "^2.0.0"
            },
            "engines": {
                "node": ">=8.0.0"
            }
        },
        "node_modules/@azure/core-auth": {
            "version": "1.3.2",
            "resolved": "https://registry.npmjs.org/@azure/core-auth/-/core-auth-1.3.2.tgz",
            "integrity": "sha512-7CU6DmCHIZp5ZPiZ9r3J17lTKMmYsm/zGvNkjArQwPkrLlZ1TZ+EUYfGgh2X31OLMVAQCTJZW4cXHJi02EbJnA==",
            "dependencies": {
                "@azure/abort-controller": "^1.0.0",
                "tslib": "^2.2.0"
            },
            "engines": {
                "node": ">=12.0.0"
            }
        },
        "node_modules/@microsoft/kiota-abstractions": {
            "version": "1.0.27",
            "resolved": "https://npm.pkg.github.com/download/@microsoft/kiota-abstractions/1.0.27/ed5d393f5b6a99a22d00d25e52001c93c43522714feeb00e78b734ad48febef9",
            "integrity": "sha512-XQW7j6an9BiVOkzgIY4t9T8nqmNYt/YFTZ8zzlkl+2IKdDLHi+8gX/wM3WjgdZolHwNcaT3RFlEVRq3zAIpypg==",
            "license": "MIT",
            "dependencies": {
                "tinyduration": "^3.2.2",
                "tslib": "^2.3.1",
                "uri-template-lite": "^22.1.0",
                "uuid": "^8.3.2"
            }
        },
        "node_modules/@types/node": {
            "version": "17.0.13",
            "resolved": "https://registry.npmjs.org/@types/node/-/node-17.0.13.tgz",
            "integrity": "sha512-Y86MAxASe25hNzlDbsviXl8jQHb0RDvKt4c40ZJQ1Don0AAL0STLZSs4N+6gLEO55pedy7r2cLwS+ZDxPm/2Bw==",
            "dev": true
        },
        "node_modules/tinyduration": {
            "version": "3.2.2",
            "resolved": "https://registry.npmjs.org/tinyduration/-/tinyduration-3.2.2.tgz",
            "integrity": "sha512-eH6D0KIA4Xxje3ZRUnbsWfN28pAgTx3ZFQvgb0w9u8p9lxSX0eloxi4w165gv03GnvduR9m5JhToPxXvADHe+w=="
        },
        "node_modules/tslib": {
            "version": "2.3.1",
            "resolved": "https://registry.npmjs.org/tslib/-/tslib-2.3.1.tgz",
            "integrity": "sha512-77EbyPPpMz+FRFRuAFlWMtmgUWGe9UOG2Z25NqCwiIjRhOf5iKGuzSe5P2w1laq+FkRy4p+PCuVkJSGkzTEKVw=="
        },
        "node_modules/typescript": {
            "version": "4.5.5",
            "resolved": "https://registry.npmjs.org/typescript/-/typescript-4.5.5.tgz",
            "integrity": "sha512-TCTIul70LyWe6IJWT8QSYeA54WQe8EjQFU4wY52Fasj5UKx88LNYKCgBEHcOMOrFF1rKGbD8v/xcNWVUq9SymA==",
            "dev": true,
            "bin": {
                "tsc": "bin/tsc",
                "tsserver": "bin/tsserver"
            },
            "engines": {
                "node": ">=4.2.0"
            }
        },
        "node_modules/uri-template-lite": {
            "version": "22.1.0",
            "resolved": "https://registry.npmjs.org/uri-template-lite/-/uri-template-lite-22.1.0.tgz",
            "integrity": "sha512-KJvWlYkFgeHxFt2Y0c6E/MM6X1mgw1PZ/PfhLKI/S/dPqnr6RXZ6AFE7uEE3T5RxZ8+8uHwONsmBZ/CUPfNaRg=="
        },
        "node_modules/uuid": {
            "version": "8.3.2",
            "resolved": "https://registry.npmjs.org/uuid/-/uuid-8.3.2.tgz",
            "integrity": "sha512-+NYs2QeMWy+GWFOEm9xnn6HCDp0l7QBD7ml8zLUmJ+93Q5NF0NocErnwkTkXVFNiX3/fpC6afS8Dhb/gz7R7eg==",
            "bin": {
                "uuid": "dist/bin/uuid"
            }
        }
    },
    "dependencies": {
        "@azure/abort-controller": {
            "version": "1.0.4",
            "resolved": "https://registry.npmjs.org/@azure/abort-controller/-/abort-controller-1.0.4.tgz",
            "integrity": "sha512-lNUmDRVGpanCsiUN3NWxFTdwmdFI53xwhkTFfHDGTYk46ca7Ind3nanJc+U6Zj9Tv+9nTCWRBscWEW1DyKOpTw==",
            "requires": {
                "tslib": "^2.0.0"
            }
        },
        "@azure/core-auth": {
            "version": "1.3.2",
            "resolved": "https://registry.npmjs.org/@azure/core-auth/-/core-auth-1.3.2.tgz",
            "integrity": "sha512-7CU6DmCHIZp5ZPiZ9r3J17lTKMmYsm/zGvNkjArQwPkrLlZ1TZ+EUYfGgh2X31OLMVAQCTJZW4cXHJi02EbJnA==",
            "requires": {
                "@azure/abort-controller": "^1.0.0",
                "tslib": "^2.2.0"
            }
        },
        "@microsoft/kiota-abstractions": {
            "version": "1.0.27",
            "resolved": "https://npm.pkg.github.com/download/@microsoft/kiota-abstractions/1.0.27/ed5d393f5b6a99a22d00d25e52001c93c43522714feeb00e78b734ad48febef9",
            "integrity": "sha512-XQW7j6an9BiVOkzgIY4t9T8nqmNYt/YFTZ8zzlkl+2IKdDLHi+8gX/wM3WjgdZolHwNcaT3RFlEVRq3zAIpypg==",
            "requires": {
                "tinyduration": "^3.2.2",
                "tslib": "^2.3.1",
                "uri-template-lite": "^22.1.0",
                "uuid": "^8.3.2"
            }
        },
        "@types/node": {
            "version": "17.0.13",
            "resolved": "https://registry.npmjs.org/@types/node/-/node-17.0.13.tgz",
            "integrity": "sha512-Y86MAxASe25hNzlDbsviXl8jQHb0RDvKt4c40ZJQ1Don0AAL0STLZSs4N+6gLEO55pedy7r2cLwS+ZDxPm/2Bw==",
            "dev": true
        },
        "tinyduration": {
            "version": "3.2.2",
            "resolved": "https://registry.npmjs.org/tinyduration/-/tinyduration-3.2.2.tgz",
            "integrity": "sha512-eH6D0KIA4Xxje3ZRUnbsWfN28pAgTx3ZFQvgb0w9u8p9lxSX0eloxi4w165gv03GnvduR9m5JhToPxXvADHe+w=="
        },
        "tslib": {
            "version": "2.3.1",
            "resolved": "https://registry.npmjs.org/tslib/-/tslib-2.3.1.tgz",
            "integrity": "sha512-77EbyPPpMz+FRFRuAFlWMtmgUWGe9UOG2Z25NqCwiIjRhOf5iKGuzSe5P2w1laq+FkRy4p+PCuVkJSGkzTEKVw=="
        },
        "typescript": {
            "version": "4.5.5",
            "resolved": "https://registry.npmjs.org/typescript/-/typescript-4.5.5.tgz",
            "integrity": "sha512-TCTIul70LyWe6IJWT8QSYeA54WQe8EjQFU4wY52Fasj5UKx88LNYKCgBEHcOMOrFF1rKGbD8v/xcNWVUq9SymA==",
            "dev": true
        },
        "uri-template-lite": {
            "version": "22.1.0",
            "resolved": "https://registry.npmjs.org/uri-template-lite/-/uri-template-lite-22.1.0.tgz",
            "integrity": "sha512-KJvWlYkFgeHxFt2Y0c6E/MM6X1mgw1PZ/PfhLKI/S/dPqnr6RXZ6AFE7uEE3T5RxZ8+8uHwONsmBZ/CUPfNaRg=="
        },
        "uuid": {
            "version": "8.3.2",
            "resolved": "https://registry.npmjs.org/uuid/-/uuid-8.3.2.tgz",
            "integrity": "sha512-+NYs2QeMWy+GWFOEm9xnn6HCDp0l7QBD7ml8zLUmJ+93Q5NF0NocErnwkTkXVFNiX3/fpC6afS8Dhb/gz7R7eg=="
        }
    }
}
