github.com/Azure/azure-sdk-for-go/sdk/azcore v1.8.0 h1:9kDVnTz3vbfweTqAUmk/a/pH5pWFCHtvRpHYC0G/dcA=
github.com/Azure/azure-sdk-for-go/sdk/azcore v1.8.0/go.mod h1:3Ug6Qzto9anB6mGlEdgYMDF5zHQ+wwhEaYR4s17PHMw=
github.com/Azure/azure-sdk-for-go/sdk/azidentity v1.4.0 h1:BMAjVKJM0U/CYF27gA0ZMmXGkOcvfFtD0oHVZ1TIPRI=
github.com/Azure/azure-sdk-for-go/sdk/azidentity v1.4.0/go.mod h1:1fXstnBMas5kzG+S3q8UoJcmyU6nUeunJcMDHcRYHhs=
github.com/Azure/azure-sdk-for-go/sdk/internal v1.3.0 h1:sXr+ck84g/ZlZUOZiNELInmMgOsuGwdjjVkEIde0OtY=
github.com/Azure/azure-sdk-for-go/sdk/internal v1.3.0/go.mod h1:okt5dMMTOFjX/aovMlrjvvXoPMBVSPzk9185BT0+eZM=
github.com/AzureAD/microsoft-authentication-library-for-go v1.2.0 h1:hVeq+yCyUi+MsoO/CU95yqCIcdzra5ovzk8Q2BBpV2M=
github.com/AzureAD/microsoft-authentication-library-for-go v1.2.0/go.mod h1:wP83P5OoQ5p6ip3ScPr0BAq0BvuPAvacpEuSzyouqAI=
github.com/cjlapao/common-go v0.0.39 h1:bAAUrj2B9v0kMzbAOhzjSmiyDy+rd56r2sy7oEiQLlA=
github.com/cjlapao/common-go v0.0.39/go.mod h1:M3dzazLjTjEtZJbbxoA5ZDiGCiHmpwqW9l4UWaddwOA=
github.com/davecgh/go-spew v1.1.1 h1:vj9j/u1bqnvCEfJOwUhtlOARqs3+rkHYY13jYWTU97c=
github.com/davecgh/go-spew v1.1.1/go.mod h1:J7Y8YcW2NihsgmVo/mv3lAwl/skON4iLHjSsI+c5H38=
github.com/dnaeon/go-vcr v1.2.0 h1:zHCHvJYTMh1N7xnV7zf1m1GPBF9Ad0Jk/whtQ1663qI=
github.com/go-logr/logr v1.2.2/go.mod h1:jdQByPbusPIv2/zmleS9BjJVeZ6kBagPoEUsqbVz/1A=
github.com/go-logr/logr v1.2.4 h1:g01GSCwiDw2xSZfjJ2/T9M+S6pFdcNtFYsp+Y43HYDQ=
github.com/go-logr/logr v1.2.4/go.mod h1:jdQByPbusPIv2/zmleS9BjJVeZ6kBagPoEUsqbVz/1A=
github.com/go-logr/stdr v1.2.2 h1:hSWxHoqTgW2S2qGc0LTAI563KZ5YKYRhT3MFKZMbjag=
github.com/go-logr/stdr v1.2.2/go.mod h1:mMo/vtBO5dYbehREoey6XUKy/eSumjCCveDpRre4VKE=
github.com/golang-jwt/jwt/v5 v5.0.0 h1:1n1XNM9hk7O9mnQoNBGolZvzebBQ7p93ULHRc28XJUE=
github.com/golang-jwt/jwt/v5 v5.0.0/go.mod h1:pqrtFR0X4osieyHYxtmOUWsAWrfe1Q5UVIyoH402zdk=
github.com/google/go-cmp v0.5.9 h1:O2Tfq5qg4qc4AmwVlvv0oLiVAGB7enBSJ2x2DqQFi38=
github.com/google/uuid v1.3.1 h1:KjJaJ9iWZ3jOFZIf1Lqf4laDRCasjl0BCmnEGxkdLb4=
github.com/google/uuid v1.3.1/go.mod h1:TIyPZe4MgqvfeYDBFedMoGGpEw/LqOeaOT+nhxU+yHo=
github.com/kr/pretty v0.1.0 h1:L/CwN0zerZDmRFUapSPitk6f+Q3+0za1rQkzVuMiMFI=
github.com/kr/text v0.2.0 h1:5Nx0Ya0ZqY2ygV366QzturHI13Jq95ApcVaJBhpS+AY=
github.com/kylelemons/godebug v1.1.0 h1:RPNrshWIDI6G2gRW9EHilWtl7Z6Sb1BR0xunSBf0SNc=
github.com/kylelemons/godebug v1.1.0/go.mod h1:9/0rRGxNHcop5bhtWyNeEfOS8JIWk580+fNqagV/RAw=
github.com/microsoft/kiota-abstractions-go v1.3.0 h1:mZTAg+Lf43+hoqTYWT53F/Dg+f0bqtHULnTI/GyiXn8=
github.com/microsoft/kiota-abstractions-go v1.3.0/go.mod h1:yPSuzNSOIVQSFFe1iT+3Lu5zmis22E8Wg+bkyjhd+pY=
github.com/microsoft/kiota-authentication-azure-go v1.0.0 h1:29FNZZ/4nnCOwFcGWlB/sxPvWz487HA2bXH8jR5k2Rk=
github.com/microsoft/kiota-authentication-azure-go v1.0.0/go.mod h1:rnx3PRlkGdXDcA/0lZQTbBwyYGmc+3POt7HpE/e4jGw=
github.com/microsoft/kiota-http-go v1.1.0 h1:L5I93EiNtlP/X6YzeTlhjWt7Q1DxzC9CmWSVtX3b0tE=
github.com/microsoft/kiota-http-go v1.1.0/go.mod h1:zESUM6ovki9LEupqziCbxJ+FAYoF0dFDYZVpOkAfSLc=
github.com/microsoft/kiota-serialization-form-go v1.0.0 h1:UNdrkMnLFqUCccQZerKjblsyVgifS11b3WCx+eFEsAI=
github.com/microsoft/kiota-serialization-form-go v1.0.0/go.mod h1:h4mQOO6KVTNciMF6azi1J9QB19ujSw3ULKcSNyXXOMA=
github.com/microsoft/kiota-serialization-json-go v1.0.4 h1:5TaISWwd2Me8clrK7SqNATo0tv9seOq59y4I5953egQ=
github.com/microsoft/kiota-serialization-json-go v1.0.4/go.mod h1:rM4+FsAY+9AEpBsBzkFFis+b/LZLlNKKewuLwK9Q6Mg=
github.com/microsoft/kiota-serialization-multipart-go v1.0.0 h1:3O5sb5Zj+moLBiJympbXNaeV07K0d46IfuEd5v9+pBs=
github.com/microsoft/kiota-serialization-multipart-go v1.0.0/go.mod h1:yauLeBTpANk4L03XD985akNysG24SnRJGaveZf+p4so=
github.com/microsoft/kiota-serialization-text-go v1.0.0 h1:XOaRhAXy+g8ZVpcq7x7a0jlETWnWrEum0RhmbYrTFnA=
github.com/microsoft/kiota-serialization-text-go v1.0.0/go.mod h1:sM1/C6ecnQ7IquQOGUrUldaO5wj+9+v7G2W3sQ3fy6M=
github.com/pkg/browser v0.0.0-20210911075715-681adbf594b8 h1:KoWmjvw+nsYOo29YJK9vDA65RGE3NrOnUtO7a+RF9HU=
github.com/pkg/browser v0.0.0-20210911075715-681adbf594b8/go.mod h1:HKlIX3XHQyzLZPlr7++PzdhaXEj94dEiJgZDTsxEqUI=
github.com/pmezard/go-difflib v1.0.0 h1:4DBwDE0NGyQoBHbLQYPwSUPoCMWR5BEzIk/f1lZbAQM=
github.com/pmezard/go-difflib v1.0.0/go.mod h1:iKH77koFhYxTK1pcRnkKkqfTogsbg7gZNVY4sRDYZ/4=
github.com/std-uritemplate/std-uritemplate/go v0.0.43 h1:uCK+SVkfF0ij1HbOViU6m5xDKuQvrq381MvsMQVOsPw=
github.com/std-uritemplate/std-uritemplate/go v0.0.43/go.mod h1:Qov4Ay4U83j37XjgxMYevGJFLbnZ2o9cEOhGufBKgKY=
github.com/stretchr/testify v1.8.4 h1:CcVxjf3Q8PM0mHUKJCdn+eZZtm5yQwehR5yeSVQQcUk=
github.com/stretchr/testify v1.8.4/go.mod h1:sz/lmYIOXD/1dqDmKjjqLyZ2RngseejIcXlSw2iwfAo=
go.opentelemetry.io/otel v1.19.0 h1:MuS/TNf4/j4IXsZuJegVzI1cwut7Qc00344rgH7p8bs=
go.opentelemetry.io/otel v1.19.0/go.mod h1:i0QyjOq3UPoTzff0PJB2N66fb4S0+rSbSB15/oyH9fY=
go.opentelemetry.io/otel/metric v1.19.0 h1:aTzpGtV0ar9wlV4Sna9sdJyII5jTVJEvKETPiOKwvpE=
go.opentelemetry.io/otel/metric v1.19.0/go.mod h1:L5rUsV9kM1IxCj1MmSdS+JQAcVm319EUrDVLrt7jqt8=
go.opentelemetry.io/otel/trace v1.19.0 h1:DFVQmlVbfVeOuBRrwdtaehRrWiL1JoVs9CPIQ1Dzxpg=
go.opentelemetry.io/otel/trace v1.19.0/go.mod h1:mfaSyvGyEJEI0nyV2I4qhNQnbBOUUmYZpYojqMnX2vo=
golang.org/x/crypto v0.14.0 h1:wBqGXzWJW6m1XrIKlAH0Hs1JJ7+9KBwnIO8v66Q9cHc=
golang.org/x/crypto v0.14.0/go.mod h1:MVFd36DqK4CsrnJYDkBA3VC4m2GkXAM0PvzMCn4JQf4=
golang.org/x/net v0.17.0 h1:pVaXccu2ozPjCXewfr1S7xza/zcXTity9cCdXQYSjIM=
golang.org/x/net v0.17.0/go.mod h1:NxSsAGuq816PNPmqtQdLE42eU2Fs7NoRIZrHJAlaCOE=
golang.org/x/sys v0.0.0-20210616045830-e2b7044e8c71/go.mod h1:oPkhp1MJrh7nUepCBck5+mAzfO9JrbApNNgaTdGDITg=
golang.org/x/sys v0.13.0 h1:Af8nKPmuFypiUBjVoU9V20FiaFXOcuZI21p0ycVYYGE=
golang.org/x/sys v0.13.0/go.mod h1:oPkhp1MJrh7nUepCBck5+mAzfO9JrbApNNgaTdGDITg=
golang.org/x/text v0.13.0 h1:ablQoSUd0tRdKxZewP80B+BaqeKJuVhuRxj/dkrun3k=
golang.org/x/text v0.13.0/go.mod h1:TvPlkZtksWOMsz7fbANvkp4WM8x/WCo/om8BMLbz+aE=
gopkg.in/check.v1 v0.0.0-20161208181325-20d25e280405/go.mod h1:Co6ibVJAznAaIkqp8huTwlJQCZ016jof/cbN4VW5Yz0=
gopkg.in/check.v1 v1.0.0-20180628173108-788fd7840127 h1:qIbj1fsPNlZgppZ+VLlY7N33q108Sa+fhmuc+sWQYwY=
gopkg.in/yaml.v2 v2.4.0 h1:D8xgwECY7CYvx+Y2n4sBz93Jn9JRvxdiyyo8CTfuKaY=
gopkg.in/yaml.v3 v3.0.1 h1:fxVm/GzAzEWqLHuvctI91KS9hhNmmWOoWu0XTYJS7CA=
gopkg.in/yaml.v3 v3.0.1/go.mod h1:K4uyk7z7BCEPqu6E+C64Yfv1cQ7kz7rIZviUmN+EgEM=
