{
  "name": "@microsoft/kiota-core",
  "version": "1.0.0",
  "lockfileVersion": 1,
  "requires": true,
  "dependencies": {
    "@microsoft/kiota-abstractions": {
      "version": "1.0.3",
      "resolved": "https://npm.pkg.github.com/download/@microsoft/kiota-abstractions/1.0.3/5ea1f612dc45617b0da9d32915066a5c1077aab41b9586cffb3cde78834a3e8a",
      "integrity": "sha512-qmXMM2506FiuqJUZf20l1/9/gei0KzYh68v7VEQBo6/CEmrzmkJ+uyF58Vn9d0qIkToMXpwm6qkFeDhfPtcagg=="
    },
    "@types/node": {
      "version": "14.14.34",
      "resolved": "https://registry.npmjs.org/@types/node/-/node-14.14.34.tgz",
      "integrity": "sha512-dBPaxocOK6UVyvhbnpFIj2W+S+1cBTkHQbFQfeeJhoKFbzYcVUGHvddeWPSucKATb3F0+pgDq0i6ghEaZjsugA==",
      "dev": true
    },
    "typescript": {
      "version": "4.2.3",
      "resolved": "https://registry.npmjs.org/typescript/-/typescript-4.2.3.tgz",
      "integrity": "sha512-qOcYwxaByStAWrBf4x0fibwZvMRG+r4cQoTjbPtUlrWjBHbmCAww1i448U0GJ+3cNNEtebDteo/cHOR3xJ4wEw==",
      "dev": true
    }
  }
}
