{
    "name": "@microsoft/kiota-http-fetchlibrary",
    "version": "1.0.15",
    "lockfileVersion": 2,
    "requires": true,
    "packages": {
        "": {
            "name": "@microsoft/kiota-http-fetchlibrary",
            "version": "1.0.15",
            "license": "MIT",
            "dependencies": {
                "@microsoft/kiota-abstractions": "^1.0.27",
                "cross-fetch": "^3.1.5",
                "tslib": "^2.3.1"
            },
            "devDependencies": {
                "@types/node": "^17.0.14",
                "typescript": "^4.5.5"
            }
        },
        "node_modules/@microsoft/kiota-abstractions": {
            "version": "1.0.27",
            "resolved": "https://npm.pkg.github.com/download/@microsoft/kiota-abstractions/1.0.27/ed5d393f5b6a99a22d00d25e52001c93c43522714feeb00e78b734ad48febef9",
            "integrity": "sha512-XQW7j6an9BiVOkzgIY4t9T8nqmNYt/YFTZ8zzlkl+2IKdDLHi+8gX/wM3WjgdZolHwNcaT3RFlEVRq3zAIpypg==",
            "license": "MIT",
            "dependencies": {
                "tinyduration": "^3.2.2",
                "tslib": "^2.3.1",
                "uri-template-lite": "^22.1.0",
                "uuid": "^8.3.2"
            }
        },
        "node_modules/@types/node": {
            "version": "17.0.14",
            "resolved": "https://registry.npmjs.org/@types/node/-/node-17.0.14.tgz",
            "integrity": "sha512-SbjLmERksKOGzWzPNuW7fJM7fk3YXVTFiZWB/Hs99gwhk+/dnrQRPBQjPW9aO+fi1tAffi9PrwFvsmOKmDTyng==",
            "dev": true
        },
        "node_modules/cross-fetch": {
            "version": "3.1.5",
            "resolved": "https://registry.npmjs.org/cross-fetch/-/cross-fetch-3.1.5.tgz",
            "integrity": "sha512-lvb1SBsI0Z7GDwmuid+mU3kWVBwTVUbe7S0H52yaaAdQOXq2YktTCZdlAcNKFzE6QtRz0snpw9bNiPeOIkkQvw==",
            "dependencies": {
                "node-fetch": "2.6.7"
            }
        },
        "node_modules/node-fetch": {
            "version": "2.6.7",
            "resolved": "https://registry.npmjs.org/node-fetch/-/node-fetch-2.6.7.tgz",
            "integrity": "sha512-ZjMPFEfVx5j+y2yF35Kzx5sF7kDzxuDj6ziH4FFbOp87zKDZNx8yExJIb05OGF4Nlt9IHFIMBkRl41VdvcNdbQ==",
            "dependencies": {
                "whatwg-url": "^5.0.0"
            },
            "engines": {
                "node": "4.x || >=6.0.0"
            },
            "peerDependencies": {
                "encoding": "^0.1.0"
            },
            "peerDependenciesMeta": {
                "encoding": {
                    "optional": true
                }
            }
        },
        "node_modules/tinyduration": {
            "version": "3.2.2",
            "resolved": "https://registry.npmjs.org/tinyduration/-/tinyduration-3.2.2.tgz",
            "integrity": "sha512-eH6D0KIA4Xxje3ZRUnbsWfN28pAgTx3ZFQvgb0w9u8p9lxSX0eloxi4w165gv03GnvduR9m5JhToPxXvADHe+w=="
        },
        "node_modules/tr46": {
            "version": "0.0.3",
            "resolved": "https://registry.npmjs.org/tr46/-/tr46-0.0.3.tgz",
            "integrity": "sha1-gYT9NH2snNwYWZLzpmIuFLnZq2o="
        },
        "node_modules/tslib": {
            "version": "2.3.1",
            "resolved": "https://registry.npmjs.org/tslib/-/tslib-2.3.1.tgz",
            "integrity": "sha512-77EbyPPpMz+FRFRuAFlWMtmgUWGe9UOG2Z25NqCwiIjRhOf5iKGuzSe5P2w1laq+FkRy4p+PCuVkJSGkzTEKVw=="
        },
        "node_modules/typescript": {
            "version": "4.5.5",
            "resolved": "https://registry.npmjs.org/typescript/-/typescript-4.5.5.tgz",
            "integrity": "sha512-TCTIul70LyWe6IJWT8QSYeA54WQe8EjQFU4wY52Fasj5UKx88LNYKCgBEHcOMOrFF1rKGbD8v/xcNWVUq9SymA==",
            "dev": true,
            "bin": {
                "tsc": "bin/tsc",
                "tsserver": "bin/tsserver"
            },
            "engines": {
                "node": ">=4.2.0"
            }
        },
        "node_modules/uri-template-lite": {
            "version": "22.1.0",
            "resolved": "https://registry.npmjs.org/uri-template-lite/-/uri-template-lite-22.1.0.tgz",
            "integrity": "sha512-KJvWlYkFgeHxFt2Y0c6E/MM6X1mgw1PZ/PfhLKI/S/dPqnr6RXZ6AFE7uEE3T5RxZ8+8uHwONsmBZ/CUPfNaRg=="
        },
        "node_modules/uuid": {
            "version": "8.3.2",
            "resolved": "https://registry.npmjs.org/uuid/-/uuid-8.3.2.tgz",
            "integrity": "sha512-+NYs2QeMWy+GWFOEm9xnn6HCDp0l7QBD7ml8zLUmJ+93Q5NF0NocErnwkTkXVFNiX3/fpC6afS8Dhb/gz7R7eg==",
            "bin": {
                "uuid": "dist/bin/uuid"
            }
        },
        "node_modules/webidl-conversions": {
            "version": "3.0.1",
            "resolved": "https://registry.npmjs.org/webidl-conversions/-/webidl-conversions-3.0.1.tgz",
            "integrity": "sha1-JFNCdeKnvGvnvIZhHMFq4KVlSHE="
        },
        "node_modules/whatwg-url": {
            "version": "5.0.0",
            "resolved": "https://registry.npmjs.org/whatwg-url/-/whatwg-url-5.0.0.tgz",
            "integrity": "sha1-lmRU6HZUYuN2RNNib2dCzotwll0=",
            "dependencies": {
                "tr46": "~0.0.3",
                "webidl-conversions": "^3.0.0"
            }
        }
    },
    "dependencies": {
        "@microsoft/kiota-abstractions": {
            "version": "1.0.27",
            "resolved": "https://npm.pkg.github.com/download/@microsoft/kiota-abstractions/1.0.27/ed5d393f5b6a99a22d00d25e52001c93c43522714feeb00e78b734ad48febef9",
            "integrity": "sha512-XQW7j6an9BiVOkzgIY4t9T8nqmNYt/YFTZ8zzlkl+2IKdDLHi+8gX/wM3WjgdZolHwNcaT3RFlEVRq3zAIpypg==",
            "requires": {
                "tinyduration": "^3.2.2",
                "tslib": "^2.3.1",
                "uri-template-lite": "^22.1.0",
                "uuid": "^8.3.2"
            }
        },
        "@types/node": {
            "version": "17.0.14",
            "resolved": "https://registry.npmjs.org/@types/node/-/node-17.0.14.tgz",
            "integrity": "sha512-SbjLmERksKOGzWzPNuW7fJM7fk3YXVTFiZWB/Hs99gwhk+/dnrQRPBQjPW9aO+fi1tAffi9PrwFvsmOKmDTyng==",
            "dev": true
        },
        "cross-fetch": {
            "version": "3.1.5",
            "resolved": "https://registry.npmjs.org/cross-fetch/-/cross-fetch-3.1.5.tgz",
            "integrity": "sha512-lvb1SBsI0Z7GDwmuid+mU3kWVBwTVUbe7S0H52yaaAdQOXq2YktTCZdlAcNKFzE6QtRz0snpw9bNiPeOIkkQvw==",
            "requires": {
                "node-fetch": "2.6.7"
            }
        },
        "node-fetch": {
            "version": "2.6.7",
            "resolved": "https://registry.npmjs.org/node-fetch/-/node-fetch-2.6.7.tgz",
            "integrity": "sha512-ZjMPFEfVx5j+y2yF35Kzx5sF7kDzxuDj6ziH4FFbOp87zKDZNx8yExJIb05OGF4Nlt9IHFIMBkRl41VdvcNdbQ==",
            "requires": {
                "whatwg-url": "^5.0.0"
            }
        },
        "tinyduration": {
            "version": "3.2.2",
            "resolved": "https://registry.npmjs.org/tinyduration/-/tinyduration-3.2.2.tgz",
            "integrity": "sha512-eH6D0KIA4Xxje3ZRUnbsWfN28pAgTx3ZFQvgb0w9u8p9lxSX0eloxi4w165gv03GnvduR9m5JhToPxXvADHe+w=="
        },
        "tr46": {
            "version": "0.0.3",
            "resolved": "https://registry.npmjs.org/tr46/-/tr46-0.0.3.tgz",
            "integrity": "sha1-gYT9NH2snNwYWZLzpmIuFLnZq2o="
        },
        "tslib": {
            "version": "2.3.1",
            "resolved": "https://registry.npmjs.org/tslib/-/tslib-2.3.1.tgz",
            "integrity": "sha512-77EbyPPpMz+FRFRuAFlWMtmgUWGe9UOG2Z25NqCwiIjRhOf5iKGuzSe5P2w1laq+FkRy4p+PCuVkJSGkzTEKVw=="
        },
        "typescript": {
            "version": "4.5.5",
            "resolved": "https://registry.npmjs.org/typescript/-/typescript-4.5.5.tgz",
            "integrity": "sha512-TCTIul70LyWe6IJWT8QSYeA54WQe8EjQFU4wY52Fasj5UKx88LNYKCgBEHcOMOrFF1rKGbD8v/xcNWVUq9SymA==",
            "dev": true
        },
        "uri-template-lite": {
            "version": "22.1.0",
            "resolved": "https://registry.npmjs.org/uri-template-lite/-/uri-template-lite-22.1.0.tgz",
            "integrity": "sha512-KJvWlYkFgeHxFt2Y0c6E/MM6X1mgw1PZ/PfhLKI/S/dPqnr6RXZ6AFE7uEE3T5RxZ8+8uHwONsmBZ/CUPfNaRg=="
        },
        "uuid": {
            "version": "8.3.2",
            "resolved": "https://registry.npmjs.org/uuid/-/uuid-8.3.2.tgz",
            "integrity": "sha512-+NYs2QeMWy+GWFOEm9xnn6HCDp0l7QBD7ml8zLUmJ+93Q5NF0NocErnwkTkXVFNiX3/fpC6afS8Dhb/gz7R7eg=="
        },
        "webidl-conversions": {
            "version": "3.0.1",
            "resolved": "https://registry.npmjs.org/webidl-conversions/-/webidl-conversions-3.0.1.tgz",
            "integrity": "sha1-JFNCdeKnvGvnvIZhHMFq4KVlSHE="
        },
        "whatwg-url": {
            "version": "5.0.0",
            "resolved": "https://registry.npmjs.org/whatwg-url/-/whatwg-url-5.0.0.tgz",
            "integrity": "sha1-lmRU6HZUYuN2RNNib2dCzotwll0=",
            "requires": {
                "tr46": "~0.0.3",
                "webidl-conversions": "^3.0.0"
            }
        }
    }
}
